github.com/aaronland/go-roster v1.0.0 h1:FRDGrTqsYySKjWnAhbBGXyeGlI/o5/t9FZYCbUmyQtI=
github.com/aaronland/go-roster v1.0.0/go.mod h1:KIsYZgrJlAsyb9LsXSCvlqvbcCBVjCSqcQiZx42i9ro=
github.com/patrickmn/go-cache v2.1.0+incompatible h1:HRMgzkcYKYpi3C8ajMPV8OFXaaRUnok+kx1WdO15EQc=
github.com/patrickmn/go-cache v2.1.0+incompatible/go.mod h1:3Qf8kWWT7OJRJbdiICTKqZju1ZixQ/KpMGzzAfe6+WQ=
github.com/whosonfirst/go-cache v0.5.2 h1:mu2aAE7FjouIHyH4pz8yzDVi1/RxQ5UdP35IzwiJZu8=
github.com/whosonfirst/go-cache v0.5.2/go.mod h1:HOaSiRd1DLUfIDQd9TMNhPfBIV/eoD1W2E9xzfmpW2o=
github.com/whosonfirst/go-ioutil v1.0.2 h1:+GJPfa42OFn5A+5yJSc5jQTQIkNV3/MhYyg4pavdrC8=
github.com/whosonfirst/go-ioutil v1.0.2/go.mod h1:2dS1vWdAIkiHDvDF8fYyjv6k2NISmwaIjJJeEDBEdvg=
github.com/whosonfirst/go-reader v1.0.1 h1:mvEqObVuzJyZkI37SDmuvCpTJ2iEG5GUgD2Z3mT2e7s=
github.com/whosonfirst/go-reader v1.0.1/go.mod h1:3RXON51sbyPw8Ca7sxxwOItVfx8SM+KFPR+l2azGxJA=
